Microsoft Visual Studio Solution File, Format Version 12.00
# Visual Studio Version 17
VisualStudioVersion = 17.5.2.0
MinimumVisualStudioVersion = 10.0.40219.1
Project("{9A19103F-16F7-4668-BE54-9A1E7A4F7556}") = "BargainMagic.Api.Service", "src\BargainMagic.Api.Service\BargainMagic.Api.Service.csproj", "{559E3349-29CD-8818-5397-80BF1280A307}"
EndProject
Project("{9A19103F-16F7-4668-BE54-9A1E7A4F7556}") = "BargainMagic.Api.Core", "src\BargainMagic.Api.Core\BargainMagic.Api.Core.csproj", "{36965E18-8BA7-499F-BC8B-E56B5E770EFE}"
EndProject
Project("{9A19103F-16F7-4668-BE54-9A1E7A4F7556}") = "BargainMagic.Api.Abstractions", "src\BargainMagic.Api.Abstractions\BargainMagic.Api.Abstractions.csproj", "{CD1EB4D4-8ABA-4311-AE9A-658CBEEF588A}"
EndProject
Project("{FAE04EC0-301F-11D3-BF4B-00C04F79EFBC}") = "BargainMagic.Data.Core", "src\BargainMagic.Data.Core\BargainMagic.Data.Core.csproj", "{9A97D5D5-9FC8-4820-AC7C-7BB3F989E650}"
EndProject
Project("{2150E333-8FDC-42A3-9474-1A3956D46DE8}") = "Data", "Data", "{02EA681E-C7D8-13C7-8484-4AC65E1B71E8}"
EndProject
Project("{FAE04EC0-301F-11D3-BF4B-00C04F79EFBC}") = "BargainMagic.Data.Abstractions", "src\BargainMagic.Data.Abstractions\BargainMagic.Data.Abstractions.csproj", "{B084832D-7B14-456C-9EB5-A0E7C315805A}"
EndProject
Project("{2150E333-8FDC-42A3-9474-1A3956D46DE8}") = "Capture", "Capture", "{89306C9A-7404-4CC5-99BD-E466A5A0A165}"
EndProject
Project("{FAE04EC0-301F-11D3-BF4B-00C04F79EFBC}") = "BargainMagic.Capture.Abstractions", "src\BargainMagic.Capture.Abstractions\BargainMagic.Capture.Abstractions.csproj", "{3A2CB52C-57C3-4E8F-B2A1-9806A90BC911}"
EndProject
Project("{FAE04EC0-301F-11D3-BF4B-00C04F79EFBC}") = "BargainMagic.Capture.Core", "src\BargainMagic.Capture.Core\BargainMagic.Capture.Core.csproj", "{ECC2B2F6-68F5-4FF4-AE51-805E40A6C4B0}"
EndProject
Project("{2150E333-8FDC-42A3-9474-1A3956D46DE8}") = "Scryfall", "Scryfall", "{39E2A569-C7DB-4AFD-963A-9E00DEC6ABE4}"
EndProject
Project("{FAE04EC0-301F-11D3-BF4B-00C04F79EFBC}") = "BargainMagic.Capture.Scryfall.Abstractions", "src\BargainMagic.Capture.Scryfall.Abstractions\BargainMagic.Capture.Scryfall.Abstractions.csproj", "{FB65D3F5-D304-67D6-8179-C398B22A37AF}"
EndProject
Project("{FAE04EC0-301F-11D3-BF4B-00C04F79EFBC}") = "BargainMagic.Capture.Scryfall.Core", "src\BargainMagic.Capture.Scryfall.Core\BargainMagic.Capture.Scryfall.Core.csproj", "{CC84C827-EB15-EF1D-A6D7-BDCEA5E182CB}"
EndProject
Global
	GlobalSection(SolutionConfigurationPlatforms) = preSolution
		Debug|Any CPU = Debug|Any CPU
		Release|Any CPU = Release|Any CPU
	EndGlobalSection
	GlobalSection(ProjectConfigurationPlatforms) = postSolution
		{559E3349-29CD-8818-5397-80BF1280A307}.Debug|Any CPU.ActiveCfg = Debug|Any CPU
		{559E3349-29CD-8818-5397-80BF1280A307}.Debug|Any CPU.Build.0 = Debug|Any CPU
		{559E3349-29CD-8818-5397-80BF1280A307}.Release|Any CPU.ActiveCfg = Release|Any CPU
		{559E3349-29CD-8818-5397-80BF1280A307}.Release|Any CPU.Build.0 = Release|Any CPU
		{36965E18-8BA7-499F-BC8B-E56B5E770EFE}.Debug|Any CPU.ActiveCfg = Debug|Any CPU
		{36965E18-8BA7-499F-BC8B-E56B5E770EFE}.Debug|Any CPU.Build.0 = Debug|Any CPU
		{36965E18-8BA7-499F-BC8B-E56B5E770EFE}.Release|Any CPU.ActiveCfg = Release|Any CPU
		{36965E18-8BA7-499F-BC8B-E56B5E770EFE}.Release|Any CPU.Build.0 = Release|Any CPU
		{CD1EB4D4-8ABA-4311-AE9A-658CBEEF588A}.Debug|Any CPU.ActiveCfg = Debug|Any CPU
		{CD1EB4D4-8ABA-4311-AE9A-658CBEEF588A}.Debug|Any CPU.Build.0 = Debug|Any CPU
		{CD1EB4D4-8ABA-4311-AE9A-658CBEEF588A}.Release|Any CPU.ActiveCfg = Release|Any CPU
		{CD1EB4D4-8ABA-4311-AE9A-658CBEEF588A}.Release|Any CPU.Build.0 = Release|Any CPU
		{9A97D5D5-9FC8-4820-AC7C-7BB3F989E650}.Debug|Any CPU.ActiveCfg = Debug|Any CPU
		{9A97D5D5-9FC8-4820-AC7C-7BB3F989E650}.Debug|Any CPU.Build.0 = Debug|Any CPU
		{9A97D5D5-9FC8-4820-AC7C-7BB3F989E650}.Release|Any CPU.ActiveCfg = Release|Any CPU
		{9A97D5D5-9FC8-4820-AC7C-7BB3F989E650}.Release|Any CPU.Build.0 = Release|Any CPU
		{B084832D-7B14-456C-9EB5-A0E7C315805A}.Debug|Any CPU.ActiveCfg = Debug|Any CPU
		{B084832D-7B14-456C-9EB5-A0E7C315805A}.Debug|Any CPU.Build.0 = Debug|Any CPU
		{B084832D-7B14-456C-9EB5-A0E7C315805A}.Release|Any CPU.ActiveCfg = Release|Any CPU
		{B084832D-7B14-456C-9EB5-A0E7C315805A}.Release|Any CPU.Build.0 = Release|Any CPU
		{3A2CB52C-57C3-4E8F-B2A1-9806A90BC911}.Debug|Any CPU.ActiveCfg = Debug|Any CPU
		{3A2CB52C-57C3-4E8F-B2A1-9806A90BC911}.Debug|Any CPU.Build.0 = Debug|Any CPU
		{3A2CB52C-57C3-4E8F-B2A1-9806A90BC911}.Release|Any CPU.ActiveCfg = Release|Any CPU
		{3A2CB52C-57C3-4E8F-B2A1-9806A90BC911}.Release|Any CPU.Build.0 = Release|Any CPU
		{ECC2B2F6-68F5-4FF4-AE51-805E40A6C4B0}.Debug|Any CPU.ActiveCfg = Debug|Any CPU
		{ECC2B2F6-68F5-4FF4-AE51-805E40A6C4B0}.Debug|Any CPU.Build.0 = Debug|Any CPU
		{ECC2B2F6-68F5-4FF4-AE51-805E40A6C4B0}.Release|Any CPU.ActiveCfg = Release|Any CPU
		{ECC2B2F6-68F5-4FF4-AE51-805E40A6C4B0}.Release|Any CPU.Build.0 = Release|Any CPU
		{FB65D3F5-D304-67D6-8179-C398B22A37AF}.Debug|Any CPU.ActiveCfg = Debug|Any CPU
		{FB65D3F5-D304-67D6-8179-C398B22A37AF}.Debug|Any CPU.Build.0 = Debug|Any CPU
		{FB65D3F5-D304-67D6-8179-C398B22A37AF}.Release|Any CPU.ActiveCfg = Release|Any CPU
		{FB65D3F5-D304-67D6-8179-C398B22A37AF}.Release|Any CPU.Build.0 = Release|Any CPU
		{CC84C827-EB15-EF1D-A6D7-BDCEA5E182CB}.Debug|Any CPU.ActiveCfg = Debug|Any CPU
		{CC84C827-EB15-EF1D-A6D7-BDCEA5E182CB}.Debug|Any CPU.Build.0 = Debug|Any CPU
		{CC84C827-EB15-EF1D-A6D7-BDCEA5E182CB}.Release|Any CPU.ActiveCfg = Release|Any CPU
		{CC84C827-EB15-EF1D-A6D7-BDCEA5E182CB}.Release|Any CPU.Build.0 = Release|Any CPU
	EndGlobalSection
	GlobalSection(SolutionProperties) = preSolution
		HideSolutionNode = FALSE
	EndGlobalSection
	GlobalSection(NestedProjects) = preSolution
		{9A97D5D5-9FC8-4820-AC7C-7BB3F989E650} = {02EA681E-C7D8-13C7-8484-4AC65E1B71E8}
		{B084832D-7B14-456C-9EB5-A0E7C315805A} = {02EA681E-C7D8-13C7-8484-4AC65E1B71E8}
		{3A2CB52C-57C3-4E8F-B2A1-9806A90BC911} = {89306C9A-7404-4CC5-99BD-E466A5A0A165}
		{ECC2B2F6-68F5-4FF4-AE51-805E40A6C4B0} = {89306C9A-7404-4CC5-99BD-E466A5A0A165}
		{39E2A569-C7DB-4AFD-963A-9E00DEC6ABE4} = {89306C9A-7404-4CC5-99BD-E466A5A0A165}
		{FB65D3F5-D304-67D6-8179-C398B22A37AF} = {39E2A569-C7DB-4AFD-963A-9E00DEC6ABE4}
		{CC84C827-EB15-EF1D-A6D7-BDCEA5E182CB} = {39E2A569-C7DB-4AFD-963A-9E00DEC6ABE4}
	EndGlobalSection
	GlobalSection(ExtensibilityGlobals) = postSolution
		SolutionGuid = {329C144D-F2C5-4EEA-9581-983A560644E3}
	EndGlobalSection
EndGlobal
